PODS:
  - Flutter (1.0.0)
  - Messaging-InApp-Core (1.11.2):
    - Messaging-Multimedia-Common (= 1.11.2)
    - SQLCipher (>= 4.10.0)
  - Messaging-InApp-UI (1.11.2):
    - Messaging-InApp-Core (= 1.11.2)
  - Messaging-Multimedia-Common (1.11.2)
  - SQLCipher (4.10.0):
    - SQLCipher/standard (= 4.10.0)
  - SQLCipher/common (4.10.0)
  - SQLCipher/standard (4.10.0):
    - SQLCipher/common

DEPENDENCIES:
  - Flutter (from `Flutter`)
  - Messaging-InApp-UI

SPEC REPOS:
  trunk:
    - Messaging-InApp-Core
    - Messaging-InApp-UI
    - Messaging-Multimedia-Common
    - SQLCipher

EXTERNAL SOURCES:
  Flutter:
    :path: Flutter

SPEC CHECKSUMS:
  Flutter: cabc95a1d2626b1b06e7179b784ebcf0c0cde467
  Messaging-InApp-Core: f68ce899220396f284446eb369d58def247c8751
  Messaging-InApp-UI: 8dba1fb3b0b1c79c45235646998a30540f242058
  Messaging-Multimedia-Common: 234753e8eca8bcfc4e5a4f79139d4f41ba84196b
  SQLCipher: eb79c64049cb002b4e9fcb30edb7979bf4706dfc

PODFILE CHECKSUM: 8d6a3606f9b243c3f5ae73ab4752039cdb9c5741

COCOAPODS: 1.16.2
